
Microsoft Visual Studio Solution File, Format Version 12.00
# Visual Studio Version 16
VisualStudioVersion = 16.0.32602.291
MinimumVisualStudioVersion = 10.0.40219.1
Project("{FAE04EC0-301F-11D3-BF4B-00C04F79EFBC}") = "LMS-V2.API", "LMS-V2.API\LMS-V2.API.csproj", "{31E8147B-DAE3-49C7-9BE1-10F5BDB5718C}"
EndProject
Project("{FAE04EC0-301F-11D3-BF4B-00C04F79EFBC}") = "LMS-V2.Data", "LMS-V2.Data\LMS-V2.Data.csproj", "{82AC724F-CC5F-4E6C-AB8A-B6CE10B7C042}"
EndProject
Project("{FAE04EC0-301F-11D3-BF4B-00C04F79EFBC}") = "LMS-V2.Services", "LMS-V2.Services\LMS-V2.Services.csproj", "{86531E6C-F2E5-4A9D-8B02-64CF642D0467}"
EndProject
Project("{FAE04EC0-301F-11D3-BF4B-00C04F79EFBC}") = "LMS-V2.ServiceProviders", "LMS-V2.ServiceProviders\LMS-V2.ServiceProviders.csproj", "{5BFA5650-85D3-4242-8431-FD3AB9926964}"
EndProject
Project("{FAE04EC0-301F-11D3-BF4B-00C04F79EFBC}") = "LMS-V2.Shared", "LMS-V2.Shared\LMS-V2.Shared.csproj", "{BB958BF4-18EA-400A-8F6D-7CC995A26E68}"
EndProject
Global
	GlobalSection(SolutionConfigurationPlatforms) = preSolution
		Debug|Any CPU = Debug|Any CPU
		Release|Any CPU = Release|Any CPU
	EndGlobalSection
	GlobalSection(ProjectConfigurationPlatforms) = postSolution
		{31E8147B-DAE3-49C7-9BE1-10F5BDB5718C}.Debug|Any CPU.ActiveCfg = Debug|Any CPU
		{31E8147B-DAE3-49C7-9BE1-10F5BDB5718C}.Debug|Any CPU.Build.0 = Debug|Any CPU
		{31E8147B-DAE3-49C7-9BE1-10F5BDB5718C}.Release|Any CPU.ActiveCfg = Release|Any CPU
		{31E8147B-DAE3-49C7-9BE1-10F5BDB5718C}.Release|Any CPU.Build.0 = Release|Any CPU
		{82AC724F-CC5F-4E6C-AB8A-B6CE10B7C042}.Debug|Any CPU.ActiveCfg = Debug|Any CPU
		{82AC724F-CC5F-4E6C-AB8A-B6CE10B7C042}.Debug|Any CPU.Build.0 = Debug|Any CPU
		{82AC724F-CC5F-4E6C-AB8A-B6CE10B7C042}.Release|Any CPU.ActiveCfg = Release|Any CPU
		{82AC724F-CC5F-4E6C-AB8A-B6CE10B7C042}.Release|Any CPU.Build.0 = Release|Any CPU
		{86531E6C-F2E5-4A9D-8B02-64CF642D0467}.Debug|Any CPU.ActiveCfg = Debug|Any CPU
		{86531E6C-F2E5-4A9D-8B02-64CF642D0467}.Debug|Any CPU.Build.0 = Debug|Any CPU
		{86531E6C-F2E5-4A9D-8B02-64CF642D0467}.Release|Any CPU.ActiveCfg = Release|Any CPU
		{86531E6C-F2E5-4A9D-8B02-64CF642D0467}.Release|Any CPU.Build.0 = Release|Any CPU
		{5BFA5650-85D3-4242-8431-FD3AB9926964}.Debug|Any CPU.ActiveCfg = Debug|Any CPU
		{5BFA5650-85D3-4242-8431-FD3AB9926964}.Debug|Any CPU.Build.0 = Debug|Any CPU
		{5BFA5650-85D3-4242-8431-FD3AB9926964}.Release|Any CPU.ActiveCfg = Release|Any CPU
		{5BFA5650-85D3-4242-8431-FD3AB9926964}.Release|Any CPU.Build.0 = Release|Any CPU
		{BB958BF4-18EA-400A-8F6D-7CC995A26E68}.Debug|Any CPU.ActiveCfg = Debug|Any CPU
		{BB958BF4-18EA-400A-8F6D-7CC995A26E68}.Debug|Any CPU.Build.0 = Debug|Any CPU
		{BB958BF4-18EA-400A-8F6D-7CC995A26E68}.Release|Any CPU.ActiveCfg = Release|Any CPU
		{BB958BF4-18EA-400A-8F6D-7CC995A26E68}.Release|Any CPU.Build.0 = Release|Any CPU
	EndGlobalSection
	GlobalSection(SolutionProperties) = preSolution
		HideSolutionNode = FALSE
	EndGlobalSection
	GlobalSection(ExtensibilityGlobals) = postSolution
		SolutionGuid = {8F39E784-25C4-4101-9532-69F97FFEAA77}
	EndGlobalSection
EndGlobal
